
Microsoft Visual Studio Solution File, Format Version 12.00
Project("{FAE04EC0-301F-11D3-BF4B-00C04F79EFBC}") = "StringBuilderMemoryAlloc", "StringBuilderMemoryAlloc\StringBuilderMemoryAlloc.csproj", "{D65054F0-3FF4-48B5-8B6F-BB9EF0DABE16}"
EndProject
Project("{2150E333-8FDC-42A3-9474-1A3956D46DE8}") = "Solution Items", "Solution Items", "{19650D8D-C790-4FDD-A02B-132E6BF3498E}"
	ProjectSection(SolutionItems) = preProject
		docker-compose.yml = docker-compose.yml
	EndProjectSection
EndProject
Project("{FAE04EC0-301F-11D3-BF4B-00C04F79EFBC}") = "DapperQueryCache", "DapperQueryCache\DapperQueryCache.csproj", "{73946DBD-9A7B-47AE-BADB-D20275B95714}"
EndProject
Project("{FAE04EC0-301F-11D3-BF4B-00C04F79EFBC}") = "MySql.Data.ThreadStarvation", "MySql.Data.ThreadStarvation\MySql.Data.ThreadStarvation.csproj", "{FF5CD173-4C16-4CB0-A05F-23F1A4C8E498}"
EndProject
Project("{FAE04EC0-301F-11D3-BF4B-00C04F79EFBC}") = "ForwardedHeaders", "ForwardedHeaders\ForwardedHeaders.csproj", "{60178874-58C8-4503-A9BE-7F2A823D1F65}"
EndProject
Global
	GlobalSection(SolutionConfigurationPlatforms) = preSolution
		Debug|Any CPU = Debug|Any CPU
		Release|Any CPU = Release|Any CPU
	EndGlobalSection
	GlobalSection(ProjectConfigurationPlatforms) = postSolution
		{D65054F0-3FF4-48B5-8B6F-BB9EF0DABE16}.Debug|Any CPU.ActiveCfg = Debug|Any CPU
		{D65054F0-3FF4-48B5-8B6F-BB9EF0DABE16}.Debug|Any CPU.Build.0 = Debug|Any CPU
		{D65054F0-3FF4-48B5-8B6F-BB9EF0DABE16}.Release|Any CPU.ActiveCfg = Release|Any CPU
		{D65054F0-3FF4-48B5-8B6F-BB9EF0DABE16}.Release|Any CPU.Build.0 = Release|Any CPU
		{73946DBD-9A7B-47AE-BADB-D20275B95714}.Debug|Any CPU.ActiveCfg = Debug|Any CPU
		{73946DBD-9A7B-47AE-BADB-D20275B95714}.Debug|Any CPU.Build.0 = Debug|Any CPU
		{73946DBD-9A7B-47AE-BADB-D20275B95714}.Release|Any CPU.ActiveCfg = Release|Any CPU
		{73946DBD-9A7B-47AE-BADB-D20275B95714}.Release|Any CPU.Build.0 = Release|Any CPU
		{FF5CD173-4C16-4CB0-A05F-23F1A4C8E498}.Debug|Any CPU.ActiveCfg = Debug|Any CPU
		{FF5CD173-4C16-4CB0-A05F-23F1A4C8E498}.Debug|Any CPU.Build.0 = Debug|Any CPU
		{FF5CD173-4C16-4CB0-A05F-23F1A4C8E498}.Release|Any CPU.ActiveCfg = Release|Any CPU
		{FF5CD173-4C16-4CB0-A05F-23F1A4C8E498}.Release|Any CPU.Build.0 = Release|Any CPU
		{60178874-58C8-4503-A9BE-7F2A823D1F65}.Debug|Any CPU.ActiveCfg = Debug|Any CPU
		{60178874-58C8-4503-A9BE-7F2A823D1F65}.Debug|Any CPU.Build.0 = Debug|Any CPU
		{60178874-58C8-4503-A9BE-7F2A823D1F65}.Release|Any CPU.ActiveCfg = Release|Any CPU
		{60178874-58C8-4503-A9BE-7F2A823D1F65}.Release|Any CPU.Build.0 = Release|Any CPU
	EndGlobalSection
EndGlobal
